
Microsoft Visual Studio Solution File, Format Version 12.00
# Visual Studio 15
VisualStudioVersion = 15.0.27703.2000
MinimumVisualStudioVersion = 10.0.40219.1
Project("{FAE04EC0-301F-11D3-BF4B-00C04F79EFBC}") = "CircularBuffer", "CircularBuffer\CircularBuffer.csproj", "{FCCF42AE-1500-4AE0-9A5C-40347B86D921}"
EndProject
Project("{FAE04EC0-301F-11D3-BF4B-00C04F79EFBC}") = "CircularBufferExample", "CircularBufferExample\CircularBufferExample.csproj", "{57E99177-94F0-4715-A91B-6FAE3F6BC37D}"
EndProject
Project("{FAE04EC0-301F-11D3-BF4B-00C04F79EFBC}") = "CircularBuffer.Tests", "CircularBuffer.Tests\CircularBuffer.Tests.csproj", "{0E77FF57-F87E-4481-B3B4-97ADDD44C244}"
EndProject
Global
	GlobalSection(SolutionConfigurationPlatforms) = preSolution
		Debug|Any CPU = Debug|Any CPU
		Release|Any CPU = Release|Any CPU
	EndGlobalSection
	GlobalSection(ProjectConfigurationPlatforms) = postSolution
		{FCCF42AE-1500-4AE0-9A5C-40347B86D921}.Debug|Any CPU.ActiveCfg = Debug|Any CPU
		{FCCF42AE-1500-4AE0-9A5C-40347B86D921}.Debug|Any CPU.Build.0 = Debug|Any CPU
		{FCCF42AE-1500-4AE0-9A5C-40347B86D921}.Release|Any CPU.ActiveCfg = Release|Any CPU
		{FCCF42AE-1500-4AE0-9A5C-40347B86D921}.Release|Any CPU.Build.0 = Release|Any CPU
		{57E99177-94F0-4715-A91B-6FAE3F6BC37D}.Debug|Any CPU.ActiveCfg = Debug|Any CPU
		{57E99177-94F0-4715-A91B-6FAE3F6BC37D}.Debug|Any CPU.Build.0 = Debug|Any CPU
		{57E99177-94F0-4715-A91B-6FAE3F6BC37D}.Release|Any CPU.ActiveCfg = Release|Any CPU
		{57E99177-94F0-4715-A91B-6FAE3F6BC37D}.Release|Any CPU.Build.0 = Release|Any CPU
		{0E77FF57-F87E-4481-B3B4-97ADDD44C244}.Debug|Any CPU.ActiveCfg = Debug|Any CPU
		{0E77FF57-F87E-4481-B3B4-97ADDD44C244}.Debug|Any CPU.Build.0 = Debug|Any CPU
		{0E77FF57-F87E-4481-B3B4-97ADDD44C244}.Release|Any CPU.ActiveCfg = Release|Any CPU
		{0E77FF57-F87E-4481-B3B4-97ADDD44C244}.Release|Any CPU.Build.0 = Release|Any CPU
	EndGlobalSection
	GlobalSection(SolutionProperties) = preSolution
		HideSolutionNode = FALSE
	EndGlobalSection
	GlobalSection(ExtensibilityGlobals) = postSolution
		SolutionGuid = {11E77CCD-AC5E-4661-A929-7106FE4B70D4}
	EndGlobalSection
	GlobalSection(MonoDevelopProperties) = preSolution
		StartupItem = CircularBuffer\CircularBuffer.csproj
	EndGlobalSection
EndGlobal
